<?xml version="1.0" encoding="utf-8"?>
<Project ToolsVersion="4.0" xmlns="http://schemas.microsoft.com/developer/msbuild/2003">
  <ItemGroup>
    <Filter Include="Source Files">
      <UniqueIdentifier>{4FC737F1-C7A5-4376-A066-2A32D752A2FF}</UniqueIdentifier>
      <Extensions>cpp;c;cc;cxx;def;odl;idl;hpj;bat;asm;asmx</Extensions>
    </Filter>
    <Filter Include="Header Files">
      <UniqueIdentifier>{93995380-89BD-4b04-88EB-625FBE52EBFB}</UniqueIdentifier>
      <Extensions>h;hh;hpp;hxx;hm;inl;inc;xsd</Extensions>
    </Filter>
    <Filter Include="Resource Files">
      <UniqueIdentifier>{67DA6AB6-F800-4c08-8B7A-83BB121AAD01}</UniqueIdentifier>
      <Extensions>rc;ico;cur;bmp;dlg;rc2;rct;bin;rgs;gif;jpg;jpeg;jpe;resx;tiff;tif;png;wav;mfcribbon-ms</Extensions>
    </Filter>
    <Filter Include="Header Files\opengl">
      <UniqueIdentifier>{2ab280b0-d9f6-4bda-b030-6a589168e5c4}</UniqueIdentifier>
    </Filter>
    <Filter Include="Source Files\opengl">
      <UniqueIdentifier>{a3a0a7bb-8c17-4c0f-b6b5-40a51cab4939}</UniqueIdentifier>
    </Filter>
    <Filter Include="Header Files\math">
      <UniqueIdentifier>{b927d71a-a01c-479c-b49f-61a49f22d2f2}</UniqueIdentifier>
    </Filter>
    <Filter Include="Header Files\io">
      <UniqueIdentifier>{da3d2d44-9b43-4bb2-bff2-28f2337eb86f}</UniqueIdentifier>
    </Filter>
    <Filter Include="shaders">
      <UniqueIdentifier>{ec046ae4-1595-4263-aebb-784782e5a112}</UniqueIdentifier>
    </Filter>
    <Filter Include="Header Files\terrain">
      <UniqueIdentifier>{82164bcc-ca4a-4b63-8d96-78adf58d9752}</UniqueIdentifier>
    </Filter>
  </ItemGroup>
  <ItemGroup>
    <ClCompile Include="src\mesh.cpp">
      <Filter>Source Files\opengl</Filter>
    </ClCompile>
    <ClCompile Include="src\shader_manager.cpp">
      <Filter>Source Files\opengl</Filter>
    </ClCompile>
    <ClCompile Include="src\shader_program.cpp">
      <Filter>Source Files\opengl</Filter>
    </ClCompile>
    <ClCompile Include="src\main.cpp">
      <Filter>Source Files</Filter>
    </ClCompile>
    <ClCompile Include="src\glapplication.cpp">
      <Filter>Source Files</Filter>
    </ClCompile>
  </ItemGroup>
  <ItemGroup>
    <ClInclude Include="src\mesh.h">
      <Filter>Header Files\opengl</Filter>
    </ClInclude>
    <ClInclude Include="src\opengl.h">
      <Filter>Header Files\opengl</Filter>
    </ClInclude>
    <ClInclude Include="src\shader_manager.h">
      <Filter>Header Files\opengl</Filter>
    </ClInclude>
    <ClInclude Include="src\shader_program.h">
      <Filter>Header Files\opengl</Filter>
    </ClInclude>
    <ClInclude Include="src\io.h">
      <Filter>Header Files\io</Filter>
    </ClInclude>
    <ClInclude Include="src\glapplication.h">
      <Filter>Header Files</Filter>
    </ClInclude>
    <ClInclude Include="src\types.h">
      <Filter>Header Files</Filter>
    </ClInclude>
    <ClInclude Include="src\projection.h">
      <Filter>Header Files\math</Filter>
    </ClInclude>
    <ClInclude Include="src\range.h">
      <Filter>Header Files\math</Filter>
    </ClInclude>
    <ClInclude Include="src\range_mapper.h">
      <Filter>Header Files\math</Filter>
    </ClInclude>
    <ClInclude Include="src\height_field.h">
      <Filter>Header Files\terrain</Filter>
    </ClInclude>
  </ItemGroup>
  <ItemGroup>
    <None Include="shaders\normal_visualize.frag">
      <Filter>shaders</Filter>
    </None>
    <None Include="shaders\normal_visualize.geom">
      <Filter>shaders</Filter>
    </None>
    <None Include="shaders\normal_visualize.vert">
      <Filter>shaders</Filter>
    </None>
    <None Include="shaders\per_pixel_diffuse.frag">
      <Filter>shaders</Filter>
    </None>
    <None Include="shaders\per_pixel_diffuse.vert">
      <Filter>shaders</Filter>
    </None>
    <None Include="shaders\simple_color.frag">
      <Filter>shaders</Filter>
    </None>
    <None Include="shaders\simple_color.vert">
      <Filter>shaders</Filter>
    </None>
    <None Include="shaders\wireframe.frag">
      <Filter>shaders</Filter>
    </None>
    <None Include="shaders\wireframe.vert">
      <Filter>shaders</Filter>
    </None>
    <None Include="shaders\wireframe.geom">
      <Filter>shaders</Filter>
    </None>
  </ItemGroup>
</Project>